
Microsoft Visual Studio Solution File, Format Version 11.00
# Visual Studio 2010
Project("{FAE04EC0-301F-11D3-BF4B-00C04F79EFBC}") = "MyStik", "MyStik\MyStik.csproj", "{74A9CADE-8123-4593-A836-E43B74BF5EFF}"
EndProject
Global
	GlobalSection(SolutionConfigurationPlatforms) = preSolution
		Debug|Any CPU = Debug|Any CPU
		Debug|x86 = Debug|x86
		Release|Any CPU = Release|Any CPU
		Release|x86 = Release|x86
	EndGlobalSection
	GlobalSection(ProjectConfigurationPlatforms) = postSolution
		{74A9CADE-8123-4593-A836-E43B74BF5EFF}.Debug|Any CPU.ActiveCfg = Debug|Any CPU
		{74A9CADE-8123-4593-A836-E43B74BF5EFF}.Debug|Any CPU.Build.0 = Debug|Any CPU
		{74A9CADE-8123-4593-A836-E43B74BF5EFF}.Debug|x86.ActiveCfg = Release|Any CPU
		{74A9CADE-8123-4593-A836-E43B74BF5EFF}.Debug|x86.Build.0 = Release|Any CPU
		{74A9CADE-8123-4593-A836-E43B74BF5EFF}.Release|Any CPU.ActiveCfg = Release|Any CPU
		{74A9CADE-8123-4593-A836-E43B74BF5EFF}.Release|Any CPU.Build.0 = Release|Any CPU
		{74A9CADE-8123-4593-A836-E43B74BF5EFF}.Release|x86.ActiveCfg = Release|x86
		{74A9CADE-8123-4593-A836-E43B74BF5EFF}.Release|x86.Build.0 = Release|x86
	EndGlobalSection
	GlobalSection(SolutionProperties) = preSolution
		HideSolutionNode = FALSE
	EndGlobalSection
EndGlobal
